schema: '2.0'
stages:
  split_data:
    cmd: python3 src/data/getRawData.py
    deps:
    - path: data/raw_data/raw.csv
      hash: md5
      md5: 617b56af2992376d5c3e91ad80823898
      size: 333757
    - path: params.yaml
      hash: md5
      md5: 1233f20383d8dfe406a57c6bec142be4
      size: 306
    - path: src/data/getRawData.py
      hash: md5
      md5: 6c3e4f5f0af94da88ffc011105edd5b0
      size: 2191
    params:
      params.yaml:
        train.random_state: 42
        train.test_size: 0.2
    outs:
    - path: data/processed_data/X_test.csv
      hash: md5
      md5: b2af62a7e108b077aec89fa2622996db
      size: 52624
    - path: data/processed_data/X_train.csv
      hash: md5
      md5: 535251fa6c1a1d098cc7a36e0bd62f38
      size: 209468
    - path: data/processed_data/y_test.csv
      hash: md5
      md5: a051d29629c8bbb4cfb7e85c7f0315da
      size: 6456
    - path: data/processed_data/y_train.csv
      hash: md5
      md5: a9cd9d91da89f732843d72548f64ded3
      size: 25951
  normalize_data:
    cmd: python3 src/data/setFeatures.py
    deps:
    - path: data/processed_data/X_test.csv
      hash: md5
      md5: b2af62a7e108b077aec89fa2622996db
      size: 52624
    - path: data/processed_data/X_train.csv
      hash: md5
      md5: 535251fa6c1a1d098cc7a36e0bd62f38
      size: 209468
    - path: src/data/setFeatures.py
      hash: md5
      md5: 6a187b921644b3de878637a901d102a4
      size: 1287
    outs:
    - path: data/processed_data/X_test_scaled.csv
      hash: md5
      md5: 5e079189af6bd091d651a89fafb1c290
      size: 57026
    - path: data/processed_data/X_train_scaled.csv
      hash: md5
      md5: c1b80eb7f083888b625dd0369cf381f8
      size: 227497
  gridsearch:
    cmd: python3 src/models/findBestParams.py
    deps:
    - path: data/processed_data/X_test_scaled.csv
      hash: md5
      md5: 5e079189af6bd091d651a89fafb1c290
      size: 57026
    - path: data/processed_data/X_train_scaled.csv
      hash: md5
      md5: c1b80eb7f083888b625dd0369cf381f8
      size: 227497
    - path: data/processed_data/y_test.csv
      hash: md5
      md5: a051d29629c8bbb4cfb7e85c7f0315da
      size: 6456
    - path: data/processed_data/y_train.csv
      hash: md5
      md5: a9cd9d91da89f732843d72548f64ded3
      size: 25951
    - path: params.yaml
      hash: md5
      md5: 1233f20383d8dfe406a57c6bec142be4
      size: 306
    - path: src/models/findBestParams.py
      hash: md5
      md5: b9ef0c851dd54a1dcc057e8fd4ceca3c
      size: 1715
    params:
      params.yaml:
        gridsearch.cv: 5
        gridsearch.n_jobs: -1
        gridsearch.param_grid:
          n_estimators:
          - 50
          - 100
          - 200
          - 300
          max_depth:
          - None
          - 10
          - 20
          min_samples_split:
          - 2
          - 5
          - 10
          min_samples_leaf:
          - 1
          - 2
          max_features:
          - log2
          - sqrt
          bootstrap:
          - true
        gridsearch.scoring: r2
        gridsearch.verbose: 1
        train.random_state: 42
    outs:
    - path: models/best_rf_params.pkl
      hash: md5
      md5: 3f09a50100fac8ee490a90ab90f42b07
      size: 126
